
Microsoft Visual Studio Solution File, Format Version 12.00
# Visual Studio Version 17
VisualStudioVersion = 17.14.36127.28 d17.14
MinimumVisualStudioVersion = 10.0.40219.1
Project("{FAE04EC0-301F-11D3-BF4B-00C04F79EFBC}") = "NZWalks.API", "NZWalks.API\NZWalks.API.csproj", "{F693C8A7-5163-47A9-AE69-98A649326495}"
EndProject
Global
	GlobalSection(SolutionConfigurationPlatforms) = preSolution
		Debug|Any CPU = Debug|Any CPU
		Release|Any CPU = Release|Any CPU
	EndGlobalSection
	GlobalSection(ProjectConfigurationPlatforms) = postSolution
		{F693C8A7-5163-47A9-AE69-98A649326495}.Debug|Any CPU.ActiveCfg = Debug|Any CPU
		{F693C8A7-5163-47A9-AE69-98A649326495}.Debug|Any CPU.Build.0 = Debug|Any CPU
		{F693C8A7-5163-47A9-AE69-98A649326495}.Release|Any CPU.ActiveCfg = Release|Any CPU
		{F693C8A7-5163-47A9-AE69-98A649326495}.Release|Any CPU.Build.0 = Release|Any CPU
	EndGlobalSection
	GlobalSection(SolutionProperties) = preSolution
		HideSolutionNode = FALSE
	EndGlobalSection
	GlobalSection(ExtensibilityGlobals) = postSolution
		SolutionGuid = {ED46E0E2-26EA-4F14-BA95-1128972302F4}
	EndGlobalSection
EndGlobal
